
Microsoft Visual Studio Solution File, Format Version 12.00
# Visual Studio 15
VisualStudioVersion = 15.0.27703.2000
MinimumVisualStudioVersion = 10.0.40219.1
Project("{9A19103F-16F7-4668-BE54-9A1E7A4F7556}") = "TestWebApi", "TestWebApi\TestWebApi.csproj", "{456D8E6B-18C4-49DE-90B2-B15C515D1BAC}"
EndProject
Project("{9A19103F-16F7-4668-BE54-9A1E7A4F7556}") = "WebApiTest", "WebApiTest\WebApiTest.csproj", "{923ABF62-C14A-45A9-9F5D-AD677DEFE809}"
EndProject
Project("{9A19103F-16F7-4668-BE54-9A1E7A4F7556}") = "TestCommon", "TestCommon\TestCommon.csproj", "{9C78FAA0-54D3-45BB-90F2-7DE7AA66BCB8}"
EndProject
Project("{FAE04EC0-301F-11D3-BF4B-00C04F79EFBC}") = "AutoReadApiData", "AutoReadApiData\AutoReadApiData.csproj", "{93B09690-512D-4E85-9982-74D3457C490A}"
EndProject
Global
	GlobalSection(SolutionConfigurationPlatforms) = preSolution
		Debug|Any CPU = Debug|Any CPU
		Release|Any CPU = Release|Any CPU
	EndGlobalSection
	GlobalSection(ProjectConfigurationPlatforms) = postSolution
		{456D8E6B-18C4-49DE-90B2-B15C515D1BAC}.Debug|Any CPU.ActiveCfg = Debug|Any CPU
		{456D8E6B-18C4-49DE-90B2-B15C515D1BAC}.Debug|Any CPU.Build.0 = Debug|Any CPU
		{456D8E6B-18C4-49DE-90B2-B15C515D1BAC}.Release|Any CPU.ActiveCfg = Release|Any CPU
		{456D8E6B-18C4-49DE-90B2-B15C515D1BAC}.Release|Any CPU.Build.0 = Release|Any CPU
		{923ABF62-C14A-45A9-9F5D-AD677DEFE809}.Debug|Any CPU.ActiveCfg = Debug|Any CPU
		{923ABF62-C14A-45A9-9F5D-AD677DEFE809}.Debug|Any CPU.Build.0 = Debug|Any CPU
		{923ABF62-C14A-45A9-9F5D-AD677DEFE809}.Release|Any CPU.ActiveCfg = Release|Any CPU
		{923ABF62-C14A-45A9-9F5D-AD677DEFE809}.Release|Any CPU.Build.0 = Release|Any CPU
		{9C78FAA0-54D3-45BB-90F2-7DE7AA66BCB8}.Debug|Any CPU.ActiveCfg = Debug|Any CPU
		{9C78FAA0-54D3-45BB-90F2-7DE7AA66BCB8}.Debug|Any CPU.Build.0 = Debug|Any CPU
		{9C78FAA0-54D3-45BB-90F2-7DE7AA66BCB8}.Release|Any CPU.ActiveCfg = Release|Any CPU
		{9C78FAA0-54D3-45BB-90F2-7DE7AA66BCB8}.Release|Any CPU.Build.0 = Release|Any CPU
		{93B09690-512D-4E85-9982-74D3457C490A}.Debug|Any CPU.ActiveCfg = Debug|Any CPU
		{93B09690-512D-4E85-9982-74D3457C490A}.Debug|Any CPU.Build.0 = Debug|Any CPU
		{93B09690-512D-4E85-9982-74D3457C490A}.Release|Any CPU.ActiveCfg = Release|Any CPU
		{93B09690-512D-4E85-9982-74D3457C490A}.Release|Any CPU.Build.0 = Release|Any CPU
	EndGlobalSection
	GlobalSection(SolutionProperties) = preSolution
		HideSolutionNode = FALSE
	EndGlobalSection
	GlobalSection(ExtensibilityGlobals) = postSolution
		SolutionGuid = {DE56F109-8576-4880-B08C-F59E43713E88}
	EndGlobalSection
EndGlobal
